
Microsoft Visual Studio Solution File, Format Version 12.00
# Visual Studio Version 16
VisualStudioVersion = 16.0.29905.134
MinimumVisualStudioVersion = 10.0.40219.1
Project("{FAE04EC0-301F-11D3-BF4B-00C04F79EFBC}") = "InsurancePolicyApi", "InsurancePolicyApi\InsurancePolicyApi.csproj", "{3DF5D4CB-CEE8-4A82-94B0-5CB685F35F81}"
EndProject
Global
	GlobalSection(SolutionConfigurationPlatforms) = preSolution
		Debug|Any CPU = Debug|Any CPU
		Release|Any CPU = Release|Any CPU
	EndGlobalSection
	GlobalSection(ProjectConfigurationPlatforms) = postSolution
		{3DF5D4CB-CEE8-4A82-94B0-5CB685F35F81}.Debug|Any CPU.ActiveCfg = Debug|Any CPU
		{3DF5D4CB-CEE8-4A82-94B0-5CB685F35F81}.Debug|Any CPU.Build.0 = Debug|Any CPU
		{3DF5D4CB-CEE8-4A82-94B0-5CB685F35F81}.Release|Any CPU.ActiveCfg = Release|Any CPU
		{3DF5D4CB-CEE8-4A82-94B0-5CB685F35F81}.Release|Any CPU.Build.0 = Release|Any CPU
	EndGlobalSection
	GlobalSection(SolutionProperties) = preSolution
		HideSolutionNode = FALSE
	EndGlobalSection
	GlobalSection(ExtensibilityGlobals) = postSolution
		SolutionGuid = {C4C0CF90-B36A-495C-9397-27DF29AD0114}
	EndGlobalSection
EndGlobal
